name:
  default: DMHY Bangumi Index
  zh-TW: 動漫花園新番索引
description:
  default: Let DMHY header index back!
  zh-TW: 把動漫花園上方的索引弄回來
namespace: https://github.com/FlandreDaisuki
author: FlandreDaisuki
match:
  - https://share.dmhy.org/
  - https://share.dmhy.org/topics/*
require:
  - https://unpkg.com/vue@2.6.10/dist/vue.min.js
  - https://unpkg.com/vuex@3.1.1/dist/vuex.min.js
  - https://unpkg.com/vue-router@3.0.7/dist/vue-router.min.js
  - https://unpkg.com/js-yaml@3.13.1/dist/js-yaml.min.js
  - https://unpkg.com/lz-string@1.4.4/libs/lz-string.min.js
connect:
  - flandredaisuki.github.io
grant:
  - GM_xmlhttpRequest
license: MIT
noframes: true
